
Microsoft Visual Studio Solution File, Format Version 12.00
# Visual Studio Version 17
VisualStudioVersion = 17.7.34031.279
MinimumVisualStudioVersion = 10.0.40219.1
Project("{FAE04EC0-301F-11D3-BF4B-00C04F79EFBC}") = "PropertyRental", "PropertyRental\PropertyRental.csproj", "{9CCE0423-B2F5-4551-A480-59DF04A2BDE7}"
EndProject
Global
	GlobalSection(SolutionConfigurationPlatforms) = preSolution
		Debug|Any CPU = Debug|Any CPU
		Release|Any CPU = Release|Any CPU
	EndGlobalSection
	GlobalSection(ProjectConfigurationPlatforms) = postSolution
		{9CCE0423-B2F5-4551-A480-59DF04A2BDE7}.Debug|Any CPU.ActiveCfg = Debug|Any CPU
		{9CCE0423-B2F5-4551-A480-59DF04A2BDE7}.Debug|Any CPU.Build.0 = Debug|Any CPU
		{9CCE0423-B2F5-4551-A480-59DF04A2BDE7}.Release|Any CPU.ActiveCfg = Release|Any CPU
		{9CCE0423-B2F5-4551-A480-59DF04A2BDE7}.Release|Any CPU.Build.0 = Release|Any CPU
	EndGlobalSection
	GlobalSection(SolutionProperties) = preSolution
		HideSolutionNode = FALSE
	EndGlobalSection
	GlobalSection(ExtensibilityGlobals) = postSolution
		SolutionGuid = {2AE86C31-224A-413F-8591-146377D4D485}
	EndGlobalSection
EndGlobal
